{
  "name": "app-design-editor",
  "version": "0.1.0",
  "lockfileVersion": 1,
  "requires": true,
  "dependencies": {
    "bootstrap": {
      "version": "3.3.7",
      "resolved": "http://registry.npm.taobao.org/bootstrap/download/bootstrap-3.3.7.tgz",
      "integrity": "sha1-WjiTlFSfIzMIdaOxUGVldPip63E="
    },
    "codemirror": {
      "version": "5.36.0",
      "resolved": "http://registry.npm.taobao.org/codemirror/download/codemirror-5.36.0.tgz",
      "integrity": "sha1-EXKtncKYBWwG4LNOXM0jglyhW0A="
    },
    "hammerjs": {
      "version": "2.0.8",
      "resolved": "http://registry.npm.taobao.org/hammerjs/download/hammerjs-2.0.8.tgz",
      "integrity": "sha1-BO93hiz/K7edMPdpIJWTAiK/YPE="
    },
    "jquery": {
      "version": "3.3.1",
      "resolved": "http://registry.npm.taobao.org/jquery/download/jquery-3.3.1.tgz"
    },
    "summernote": {
      "version": "0.8.10",
      "resolved": "http://registry.npm.taobao.org/summernote/download/summernote-0.8.10.tgz",
      "integrity": "sha1-IaXX8Yo7B1ALWLYNWQdBelSJdSA="
    },
    "vue": {
      "version": "2.5.16",
      "resolved": "http://registry.npm.taobao.org/vue/download/vue-2.5.16.tgz",
      "integrity": "sha1-B+23XoQSqu7YceuvqZ9GclhKAIU="
    }
  }
}
